
Microsoft Visual Studio Solution File, Format Version 12.00
# Visual Studio Version 17
VisualStudioVersion = 17.5.002.0
MinimumVisualStudioVersion = 10.0.40219.1
Project("{9A19103F-16F7-4668-BE54-9A1E7A4F7556}") = "TrainBooking", "TrainBooking.csproj", "{EE247D1D-80A6-4539-B644-305D3146645E}"
EndProject
Global
	GlobalSection(SolutionConfigurationPlatforms) = preSolution
		Debug|Any CPU = Debug|Any CPU
		Release|Any CPU = Release|Any CPU
	EndGlobalSection
	GlobalSection(ProjectConfigurationPlatforms) = postSolution
		{EE247D1D-80A6-4539-B644-305D3146645E}.Debug|Any CPU.ActiveCfg = Debug|Any CPU
		{EE247D1D-80A6-4539-B644-305D3146645E}.Debug|Any CPU.Build.0 = Debug|Any CPU
		{EE247D1D-80A6-4539-B644-305D3146645E}.Release|Any CPU.ActiveCfg = Release|Any CPU
		{EE247D1D-80A6-4539-B644-305D3146645E}.Release|Any CPU.Build.0 = Release|Any CPU
	EndGlobalSection
	GlobalSection(SolutionProperties) = preSolution
		HideSolutionNode = FALSE
	EndGlobalSection
	GlobalSection(ExtensibilityGlobals) = postSolution
		SolutionGuid = {116D7C7D-DBCB-4677-BC42-6D64B8782159}
	EndGlobalSection
EndGlobal
